// !$*UTF8*$!
{
	archiveVersion = 1;
	classes = {
	};
	objectVersion = 46;
	objects = {

/* Begin PBXBuildFile section */
		6E1C19F01C81EE9A00B41224 /* main.m in Sources */ = {isa = PBXBuildFile; fileRef = 6E1C19EF1C81EE9A00B41224 /* main.m */; };
		6E1C19F31C81EE9A00B41224 /* AppDelegate.m in Sources */ = {isa = PBXBuildFile; fileRef = 6E1C19F21C81EE9A00B41224 /* AppDelegate.m */; };
		6E1C19F61C81EE9A00B41224 /* ViewController.m in Sources */ = {isa = PBXBuildFile; fileRef = 6E1C19F51C81EE9A00B41224 /* ViewController.m */; };
		6E1C19F91C81EE9A00B41224 /* Main.storyboard in Resources */ = {isa = PBXBuildFile; fileRef = 6E1C19F71C81EE9A00B41224 /* Main.storyboard */; };
		6E1C19FB1C81EE9A00B41224 /* Assets.xcassets in Resources */ = {isa = PBXBuildFile; fileRef = 6E1C19FA1C81EE9A00B41224 /* Assets.xcassets */; };
		6E1C19FE1C81EE9A00B41224 /* LaunchScreen.storyboard in Resources */ = {isa = PBXBuildFile; fileRef = 6E1C19FC1C81EE9A00B41224 /* LaunchScreen.storyboard */; };
		6E1C1A091C81EE9B00B41224 /* HYPWeiBoTests.m in Sources */ = {isa = PBXBuildFile; fileRef = 6E1C1A081C81EE9B00B41224 /* HYPWeiBoTests.m */; };
		6E1C1A141C81EE9B00B41224 /* HYPWeiBoUITests.m in Sources */ = {isa = PBXBuildFile; fileRef = 6E1C1A131C81EE9B00B41224 /* HYPWeiBoUITests.m */; };
/* End PBXBuildFile section */

/* Begin PBXContainerItemProxy section */
		6E1C1A051C81EE9B00B41224 /* PBXContainerItemProxy */ = {
			isa = PBXContainerItemProxy;
			containerPortal = 6E1C19E31C81EE9A00B41224 /* Project object */;
			proxyType = 1;
			remoteGlobalIDString = 6E1C19EA1C81EE9A00B41224;
			remoteInfo = HYPWeiBo;
		};
		6E1C1A101C81EE9B00B41224 /* PBXContainerItemProxy */ = {
			isa = PBXContainerItemProxy;
			containerPortal = 6E1C19E31C81EE9A00B41224 /* Project object */;
			proxyType = 1;
			remoteGlobalIDString = 6E1C19EA1C81EE9A00B41224;
			remoteInfo = HYPWeiBo;
		};
/* End PBXContainerItemProxy section */

/* Begin PBXFileReference section */
		6E1C19EB1C81EE9A00B41224 /* HYPWeiBo.app */ = {isa = PBXFileReference; explicitFileType = wrapper.application; includeInIndex = 0; path = HYPWeiBo.app; sourceTree = BUILT_PRODUCTS_DIR; };
		6E1C19EF1C81EE9A00B41224 /* main.m */ = {isa = PBXFileReference; lastKnownFileType = sourcecode.c.objc; path = main.m; sourceTree = "<group>"; };
		6E1C19F11C81EE9A00B41224 /* AppDelegate.h */ = {isa = PBXFileReference; lastKnownFileType = sourcecode.c.h; path = AppDelegate.h; sourceTree = "<group>"; };
		6E1C19F21C81EE9A00B41224 /* AppDelegate.m */ = {isa = PBXFileReference; lastKnownFileType = sourcecode.c.objc; path = AppDelegate.m; sourceTree = "<group>"; };
		6E1C19F41C81EE9A00B41224 /* ViewController.h */ = {isa = PBXFileReference; lastKnownFileType = sourcecode.c.h; path = ViewController.h; sourceTree = "<group>"; };
		6E1C19F51C81EE9A00B41224 /* ViewController.m */ = {isa = PBXFileReference; lastKnownFileType = sourcecode.c.objc; path = ViewController.m; sourceTree = "<group>"; };
		6E1C19F81C81EE9A00B41224 /* Base */ = {isa = PBXFileReference; lastKnownFileType = file.storyboard; name = Base; path = Base.lproj/Main.storyboard; sourceTree = "<group>"; };
		6E1C19FA1C81EE9A00B41224 /* Assets.xcassets */ = {isa = PBXFileReference; lastKnownFileType = folder.assetcatalog; path = Assets.xcassets; sourceTree = "<group>"; };
		6E1C19FD1C81EE9A00B41224 /* Base */ = {isa = PBXFileReference; lastKnownFileType = file.storyboard; name = Base; path = Base.lproj/LaunchScreen.storyboard; sourceTree = "<group>"; };
		6E1C19FF1C81EE9A00B41224 /* Info.plist */ = {isa = PBXFileReference; lastKnownFileType = text.plist.xml; path = Info.plist; sourceTree = "<group>"; };
		6E1C1A041C81EE9B00B41224 /* HYPWeiBoTests.xctest */ = {isa = PBXFileReference; explicitFileType = wrapper.cfbundle; includeInIndex = 0; path = HYPWeiBoTests.xctest; sourceTree = BUILT_PRODUCTS_DIR; };
		6E1C1A081C81EE9B00B41224 /* HYPWeiBoTests.m */ = {isa = PBXFileReference; lastKnownFileType = sourcecode.c.objc; path = HYPWeiBoTests.m; sourceTree = "<group>"; };
		6E1C1A0A1C81EE9B00B41224 /* Info.plist */ = {isa = PBXFileReference; lastKnownFileType = text.plist.xml; path = Info.plist; sourceTree = "<group>"; };
		6E1C1A0F1C81EE9B00B41224 /* HYPWeiBoUITests.xctest */ = {isa = PBXFileReference; explicitFileType = wrapper.cfbundle; includeInIndex = 0; path = HYPWeiBoUITests.xctest; sourceTree = BUILT_PRODUCTS_DIR; };
		6E1C1A131C81EE9B00B41224 /* HYPWeiBoUITests.m */ = {isa = PBXFileReference; lastKnownFileType = sourcecode.c.objc; path = HYPWeiBoUITests.m; sourceTree = "<group>"; };
		6E1C1A151C81EE9B00B41224 /* Info.plist */ = {isa = PBXFileReference; lastKnownFileType = text.plist.xml; path = Info.plist; sourceTree = "<group>"; };
/* End PBXFileReference section */

/* Begin PBXFrameworksBuildPhase section */
		6E1C19E81C81EE9A00B41224 /* Frameworks */ = {
			isa = PBXFrameworksBuildPhase;
			buildActionMask = 2147483647;
			files = (
			);
			runOnlyForDeploymentPostprocessing = 0;
		};
		6E1C1A011C81EE9B00B41224 /* Frameworks */ = {
			isa = PBXFrameworksBuildPhase;
			buildActionMask = 2147483647;
			files = (
			);
			runOnlyForDeploymentPostprocessing = 0;
		};
		6E1C1A0C1C81EE9B00B41224 /* Frameworks */ = {
			isa = PBXFrameworksBuildPhase;
			buildActionMask = 2147483647;
			files = (
			);
			runOnlyForDeploymentPostprocessing = 0;
		};
/* End PBXFrameworksBuildPhase section */

/* Begin PBXGroup section */
		6E1C19E21C81EE9A00B41224 = {
			isa = PBXGroup;
			children = (
				6E1C19ED1C81EE9A00B41224 /* HYPWeiBo */,
				6E1C1A071C81EE9B00B41224 /* HYPWeiBoTests */,
				6E1C1A121C81EE9B00B41224 /* HYPWeiBoUITests */,
				6E1C19EC1C81EE9A00B41224 /* Products */,
			);
			sourceTree = "<group>";
		};
		6E1C19EC1C81EE9A00B41224 /* Products */ = {
			isa = PBXGroup;
			children = (
				6E1C19EB1C81EE9A00B41224 /* HYPWeiBo.app */,
				6E1C1A041C81EE9B00B41224 /* HYPWeiBoTests.xctest */,
				6E1C1A0F1C81EE9B00B41224 /* HYPWeiBoUITests.xctest */,
			);
			name = Products;
			sourceTree = "<group>";
		};
		6E1C19ED1C81EE9A00B41224 /* HYPWeiBo */ = {
			isa = PBXGroup;
			children = (
				6E1C19F11C81EE9A00B41224 /* AppDelegate.h */,
				6E1C19F21C81EE9A00B41224 /* AppDelegate.m */,
				6E1C19F41C81EE9A00B41224 /* ViewController.h */,
				6E1C19F51C81EE9A00B41224 /* ViewController.m */,
				6E1C19F71C81EE9A00B41224 /* Main.storyboard */,
				6E1C19FA1C81EE9A00B41224 /* Assets.xcassets */,
				6E1C19FC1C81EE9A00B41224 /* LaunchScreen.storyboard */,
				6E1C19FF1C81EE9A00B41224 /* Info.plist */,
				6E1C19EE1C81EE9A00B41224 /* Supporting Files */,
			);
			path = HYPWeiBo;
			sourceTree = "<group>";
		};
		6E1C19EE1C81EE9A00B41224 /* Supporting Files */ = {
			isa = PBXGroup;
			children = (
				6E1C19EF1C81EE9A00B41224 /* main.m */,
			);
			name = "Supporting Files";
			sourceTree = "<group>";
		};
		6E1C1A071C81EE9B00B41224 /* HYPWeiBoTests */ = {
			isa = PBXGroup;
			children = (
				6E1C1A081C81EE9B00B41224 /* HYPWeiBoTests.m */,
				6E1C1A0A1C81EE9B00B41224 /* Info.plist */,
			);
			path = HYPWeiBoTests;
			sourceTree = "<group>";
		};
		6E1C1A121C81EE9B00B41224 /* HYPWeiBoUITests */ = {
			isa = PBXGroup;
			children = (
				6E1C1A131C81EE9B00B41224 /* HYPWeiBoUITests.m */,
				6E1C1A151C81EE9B00B41224 /* Info.plist */,
			);
			path = HYPWeiBoUITests;
			sourceTree = "<group>";
		};
/* End PBXGroup section */

/* Begin PBXNativeTarget section */
		6E1C19EA1C81EE9A00B41224 /* HYPWeiBo */ = {
			isa = PBXNativeTarget;
			buildConfigurationList = 6E1C1A181C81EE9B00B41224 /* Build configuration list for PBXNativeTarget "HYPWeiBo" */;
			buildPhases = (
				6E1C19E71C81EE9A00B41224 /* Sources */,
				6E1C19E81C81EE9A00B41224 /* Frameworks */,
				6E1C19E91C81EE9A00B41224 /* Resources */,
			);
			buildRules = (
			);
			dependencies = (
			);
			name = HYPWeiBo;
			productName = HYPWeiBo;
			productReference = 6E1C19EB1C81EE9A00B41224 /* HYPWeiBo.app */;
			productType = "com.apple.product-type.application";
		};
		6E1C1A031C81EE9B00B41224 /* HYPWeiBoTests */ = {
			isa = PBXNativeTarget;
			buildConfigurationList = 6E1C1A1B1C81EE9B00B41224 /* Build configuration list for PBXNativeTarget "HYPWeiBoTests" */;
			buildPhases = (
				6E1C1A001C81EE9B00B41224 /* Sources */,
				6E1C1A011C81EE9B00B41224 /* Frameworks */,
				6E1C1A021C81EE9B00B41224 /* Resources */,
			);
			buildRules = (
			);
			dependencies = (
				6E1C1A061C81EE9B00B41224 /* PBXTargetDependency */,
			);
			name = HYPWeiBoTests;
			productName = HYPWeiBoTests;
			productReference = 6E1C1A041C81EE9B00B41224 /* HYPWeiBoTests.xctest */;
			productType = "com.apple.product-type.bundle.unit-test";
		};
		6E1C1A0E1C81EE9B00B41224 /* HYPWeiBoUITests */ = {
			isa = PBXNativeTarget;
			buildConfigurationList = 6E1C1A1E1C81EE9B00B41224 /* Build configuration list for PBXNativeTarget "HYPWeiBoUITests" */;
			buildPhases = (
				6E1C1A0B1C81EE9B00B41224 /* Sources */,
				6E1C1A0C1C81EE9B00B41224 /* Frameworks */,
				6E1C1A0D1C81EE9B00B41224 /* Resources */,
			);
			buildRules = (
			);
			dependencies = (
				6E1C1A111C81EE9B00B41224 /* PBXTargetDependency */,
			);
			name = HYPWeiBoUITests;
			productName = HYPWeiBoUITests;
			productReference = 6E1C1A0F1C81EE9B00B41224 /* HYPWeiBoUITests.xctest */;
			productType = "com.apple.product-type.bundle.ui-testing";
		};
/* End PBXNativeTarget section */

/* Begin PBXProject section */
		6E1C19E31C81EE9A00B41224 /* Project object */ = {
			isa = PBXProject;
			attributes = {
				LastUpgradeCheck = 0720;
				ORGANIZATIONNAME = bupt;
				TargetAttributes = {
					6E1C19EA1C81EE9A00B41224 = {
						CreatedOnToolsVersion = 7.2;
						DevelopmentTeam = 8H2FDT6QCT;
					};
					6E1C1A031C81EE9B00B41224 = {
						CreatedOnToolsVersion = 7.2;
						DevelopmentTeam = 8H2FDT6QCT;
						TestTargetID = 6E1C19EA1C81EE9A00B41224;
					};
					6E1C1A0E1C81EE9B00B41224 = {
						CreatedOnToolsVersion = 7.2;
						DevelopmentTeam = 8H2FDT6QCT;
						TestTargetID = 6E1C19EA1C81EE9A00B41224;
					};
				};
			};
			buildConfigurationList = 6E1C19E61C81EE9A00B41224 /* Build configuration list for PBXProject "HYPWeiBo" */;
			compatibilityVersion = "Xcode 3.2";
			developmentRegion = English;
			hasScannedForEncodings = 0;
			knownRegions = (
				en,
				Base,
			);
			mainGroup = 6E1C19E21C81EE9A00B41224;
			productRefGroup = 6E1C19EC1C81EE9A00B41224 /* Products */;
			projectDirPath = "";
			projectRoot = "";
			targets = (
				6E1C19EA1C81EE9A00B41224 /* HYPWeiBo */,
				6E1C1A031C81EE9B00B41224 /* HYPWeiBoTests */,
				6E1C1A0E1C81EE9B00B41224 /* HYPWeiBoUITests */,
			);
		};
/* End PBXProject section */

/* Begin PBXResourcesBuildPhase section */
		6E1C19E91C81EE9A00B41224 /* Resources */ = {
			isa = PBXResourcesBuildPhase;
			buildActionMask = 2147483647;
			files = (
				6E1C19FE1C81EE9A00B41224 /* LaunchScreen.storyboard in Resources */,
				6E1C19FB1C81EE9A00B41224 /* Assets.xcassets in Resources */,
				6E1C19F91C81EE9A00B41224 /* Main.storyboard in Resources */,
			);
			runOnlyForDeploymentPostprocessing = 0;
		};
		6E1C1A021C81EE9B00B41224 /* Resources */ = {
			isa = PBXResourcesBuildPhase;
			buildActionMask = 2147483647;
			files = (
			);
			runOnlyForDeploymentPostprocessing = 0;
		};
		6E1C1A0D1C81EE9B00B41224 /* Resources */ = {
			isa = PBXResourcesBuildPhase;
			buildActionMask = 2147483647;
			files = (
			);
			runOnlyForDeploymentPostprocessing = 0;
		};
/* End PBXResourcesBuildPhase section */

/* Begin PBXSourcesBuildPhase section */
		6E1C19E71C81EE9A00B41224 /* Sources */ = {
			isa = PBXSourcesBuildPhase;
			buildActionMask = 2147483647;
			files = (
				6E1C19F61C81EE9A00B41224 /* ViewController.m in Sources */,
				6E1C19F31C81EE9A00B41224 /* AppDelegate.m in Sources */,
				6E1C19F01C81EE9A00B41224 /* main.m in Sources */,
			);
			runOnlyForDeploymentPostprocessing = 0;
		};
		6E1C1A001C81EE9B00B41224 /* Sources */ = {
			isa = PBXSourcesBuildPhase;
			buildActionMask = 2147483647;
			files = (
				6E1C1A091C81EE9B00B41224 /* HYPWeiBoTests.m in Sources */,
			);
			runOnlyForDeploymentPostprocessing = 0;
		};
		6E1C1A0B1C81EE9B00B41224 /* Sources */ = {
			isa = PBXSourcesBuildPhase;
			buildActionMask = 2147483647;
			files = (
				6E1C1A141C81EE9B00B41224 /* HYPWeiBoUITests.m in Sources */,
			);
			runOnlyForDeploymentPostprocessing = 0;
		};
/* End PBXSourcesBuildPhase section */

/* Begin PBXTargetDependency section */
		6E1C1A061C81EE9B00B41224 /* PBXTargetDependency */ = {
			isa = PBXTargetDependency;
			target = 6E1C19EA1C81EE9A00B41224 /* HYPWeiBo */;
			targetProxy = 6E1C1A051C81EE9B00B41224 /* PBXContainerItemProxy */;
		};
		6E1C1A111C81EE9B00B41224 /* PBXTargetDependency */ = {
			isa = PBXTargetDependency;
			target = 6E1C19EA1C81EE9A00B41224 /* HYPWeiBo */;
			targetProxy = 6E1C1A101C81EE9B00B41224 /* PBXContainerItemProxy */;
		};
/* End PBXTargetDependency section */

/* Begin PBXVariantGroup section */
		6E1C19F71C81EE9A00B41224 /* Main.storyboard */ = {
			isa = PBXVariantGroup;
			children = (
				6E1C19F81C81EE9A00B41224 /* Base */,
			);
			name = Main.storyboard;
			sourceTree = "<group>";
		};
		6E1C19FC1C81EE9A00B41224 /* LaunchScreen.storyboard */ = {
			isa = PBXVariantGroup;
			children = (
				6E1C19FD1C81EE9A00B41224 /* Base */,
			);
			name = LaunchScreen.storyboard;
			sourceTree = "<group>";
		};
/* End PBXVariantGroup section */

/* Begin XCBuildConfiguration section */
		6E1C1A161C81EE9B00B41224 /* Debug */ = {
			isa = XCBuildConfiguration;
			buildSettings = {
				ALWAYS_SEARCH_USER_PATHS = NO;
				CLANG_CXX_LANGUAGE_STANDARD = "gnu++0x";
				CLANG_CXX_LIBRARY = "libc++";
				CLANG_ENABLE_MODULES = YES;
				CLANG_ENABLE_OBJC_ARC = YES;
				CLANG_WARN_BOOL_CONVERSION = YES;
				CLANG_WARN_CONSTANT_CONVERSION = YES;
				CLANG_WARN_DIRECT_OBJC_ISA_USAGE = YES_ERROR;
				CLANG_WARN_EMPTY_BODY = YES;
				CLANG_WARN_ENUM_CONVERSION = YES;
				CLANG_WARN_INT_CONVERSION = YES;
				CLANG_WARN_OBJC_ROOT_CLASS = YES_ERROR;
				CLANG_WARN_UNREACHABLE_CODE = YES;
				CLANG_WARN__DUPLICATE_METHOD_MATCH = YES;
				"CODE_SIGN_IDENTITY[sdk=iphoneos*]" = "iPhone Developer";
				COPY_PHASE_STRIP = NO;
				DEBUG_INFORMATION_FORMAT = dwarf;
				ENABLE_STRICT_OBJC_MSGSEND = YES;
				ENABLE_TESTABILITY = YES;
				GCC_C_LANGUAGE_STANDARD = gnu99;
				GCC_DYNAMIC_NO_PIC = NO;
				GCC_NO_COMMON_BLOCKS = YES;
				GCC_OPTIMIZATION_LEVEL = 0;
				GCC_PREPROCESSOR_DEFINITIONS = (
					"DEBUG=1",
					"$(inherited)",
				);
				GCC_WARN_64_TO_32_BIT_CONVERSION = YES;
				GCC_WARN_ABOUT_RETURN_TYPE = YES_ERROR;
				GCC_WARN_UNDECLARED_SELECTOR = YES;
				GCC_WARN_UNINITIALIZED_AUTOS = YES_AGGRESSIVE;
				GCC_WARN_UNUSED_FUNCTION = YES;
				GCC_WARN_UNUSED_VARIABLE = YES;
				IPHONEOS_DEPLOYMENT_TARGET = 9.2;
				MTL_ENABLE_DEBUG_INFO = YES;
				ONLY_ACTIVE_ARCH = YES;
				SDKROOT = iphoneos;
			};
			name = Debug;
		};
		6E1C1A171C81EE9B00B41224 /* Release */ = {
			isa = XCBuildConfiguration;
			buildSettings = {
				ALWAYS_SEARCH_USER_PATHS = NO;
				CLANG_CXX_LANGUAGE_STANDARD = "gnu++0x";
				CLANG_CXX_LIBRARY = "libc++";
				CLANG_ENABLE_MODULES = YES;
				CLANG_ENABLE_OBJC_ARC = YES;
				CLANG_WARN_BOOL_CONVERSION = YES;
				CLANG_WARN_CONSTANT_CONVERSION = YES;
				CLANG_WARN_DIRECT_OBJC_ISA_USAGE = YES_ERROR;
				CLANG_WARN_EMPTY_BODY = YES;
				CLANG_WARN_ENUM_CONVERSION = YES;
				CLANG_WARN_INT_CONVERSION = YES;
				CLANG_WARN_OBJC_ROOT_CLASS = YES_ERROR;
				CLANG_WARN_UNREACHABLE_CODE = YES;
				CLANG_WARN__DUPLICATE_METHOD_MATCH = YES;
				"CODE_SIGN_IDENTITY[sdk=iphoneos*]" = "iPhone Developer";
				COPY_PHASE_STRIP = NO;
				DEBUG_INFORMATION_FORMAT = "dwarf-with-dsym";
				ENABLE_NS_ASSERTIONS = NO;
				ENABLE_STRICT_OBJC_MSGSEND = YES;
				GCC_C_LANGUAGE_STANDARD = gnu99;
				GCC_NO_COMMON_BLOCKS = YES;
				GCC_WARN_64_TO_32_BIT_CONVERSION = YES;
				GCC_WARN_ABOUT_RETURN_TYPE = YES_ERROR;
				GCC_WARN_UNDECLARED_SELECTOR = YES;
				GCC_WARN_UNINITIALIZED_AUTOS = YES_AGGRESSIVE;
				GCC_WARN_UNUSED_FUNCTION = YES;
				GCC_WARN_UNUSED_VARIABLE = YES;
				IPHONEOS_DEPLOYMENT_TARGET = 9.2;
				MTL_ENABLE_DEBUG_INFO = NO;
				SDKROOT = iphoneos;
				VALIDATE_PRODUCT = YES;
			};
			name = Release;
		};
		6E1C1A191C81EE9B00B41224 /* Debug */ = {
			isa = XCBuildConfiguration;
			buildSettings = {
				ASSETCATALOG_COMPILER_APPICON_NAME = AppIcon;
				INFOPLIST_FILE = HYPWeiBo/Info.plist;
				LD_RUNPATH_SEARCH_PATHS = "$(inherited) @executable_path/Frameworks";
				PRODUCT_BUNDLE_IDENTIFIER = "sse.bupt.---.HYPWeiBo";
				PRODUCT_NAME = "$(TARGET_NAME)";
			};
			name = Debug;
		};
		6E1C1A1A1C81EE9B00B41224 /* Release */ = {
			isa = XCBuildConfiguration;
			buildSettings = {
				ASSETCATALOG_COMPILER_APPICON_NAME = AppIcon;
				INFOPLIST_FILE = HYPWeiBo/Info.plist;
				LD_RUNPATH_SEARCH_PATHS = "$(inherited) @executable_path/Frameworks";
				PRODUCT_BUNDLE_IDENTIFIER = "sse.bupt.---.HYPWeiBo";
				PRODUCT_NAME = "$(TARGET_NAME)";
			};
			name = Release;
		};
		6E1C1A1C1C81EE9B00B41224 /* Debug */ = {
			isa = XCBuildConfiguration;
			buildSettings = {
				BUNDLE_LOADER = "$(TEST_HOST)";
				INFOPLIST_FILE = HYPWeiBoTests/Info.plist;
				LD_RUNPATH_SEARCH_PATHS = "$(inherited) @executable_path/Frameworks @loader_path/Frameworks";
				PRODUCT_BUNDLE_IDENTIFIER = "sse.bupt.---.HYPWeiBoTests";
				PRODUCT_NAME = "$(TARGET_NAME)";
				TEST_HOST = "$(BUILT_PRODUCTS_DIR)/HYPWeiBo.app/HYPWeiBo";
			};
			name = Debug;
		};
		6E1C1A1D1C81EE9B00B41224 /* Release */ = {
			isa = XCBuildConfiguration;
			buildSettings = {
				BUNDLE_LOADER = "$(TEST_HOST)";
				INFOPLIST_FILE = HYPWeiBoTests/Info.plist;
				LD_RUNPATH_SEARCH_PATHS = "$(inherited) @executable_path/Frameworks @loader_path/Frameworks";
				PRODUCT_BUNDLE_IDENTIFIER = "sse.bupt.---.HYPWeiBoTests";
				PRODUCT_NAME = "$(TARGET_NAME)";
				TEST_HOST = "$(BUILT_PRODUCTS_DIR)/HYPWeiBo.app/HYPWeiBo";
			};
			name = Release;
		};
		6E1C1A1F1C81EE9B00B41224 /* Debug */ = {
			isa = XCBuildConfiguration;
			buildSettings = {
				INFOPLIST_FILE = HYPWeiBoUITests/Info.plist;
				LD_RUNPATH_SEARCH_PATHS = "$(inherited) @executable_path/Frameworks @loader_path/Frameworks";
				PRODUCT_BUNDLE_IDENTIFIER = "sse.bupt.---.HYPWeiBoUITests";
				PRODUCT_NAME = "$(TARGET_NAME)";
				TEST_TARGET_NAME = HYPWeiBo;
				USES_XCTRUNNER = YES;
			};
			name = Debug;
		};
		6E1C1A201C81EE9B00B41224 /* Release */ = {
			isa = XCBuildConfiguration;
			buildSettings = {
				INFOPLIST_FILE = HYPWeiBoUITests/Info.plist;
				LD_RUNPATH_SEARCH_PATHS = "$(inherited) @executable_path/Frameworks @loader_path/Frameworks";
				PRODUCT_BUNDLE_IDENTIFIER = "sse.bupt.---.HYPWeiBoUITests";
				PRODUCT_NAME = "$(TARGET_NAME)";
				TEST_TARGET_NAME = HYPWeiBo;
				USES_XCTRUNNER = YES;
			};
			name = Release;
		};
/* End XCBuildConfiguration section */

/* Begin XCConfigurationList section */
		6E1C19E61C81EE9A00B41224 /* Build configuration list for PBXProject "HYPWeiBo" */ = {
			isa = XCConfigurationList;
			buildConfigurations = (
				6E1C1A161C81EE9B00B41224 /* Debug */,
				6E1C1A171C81EE9B00B41224 /* Release */,
			);
			defaultConfigurationIsVisible = 0;
			defaultConfigurationName = Release;
		};
		6E1C1A181C81EE9B00B41224 /* Build configuration list for PBXNativeTarget "HYPWeiBo" */ = {
			isa = XCConfigurationList;
			buildConfigurations = (
				6E1C1A191C81EE9B00B41224 /* Debug */,
				6E1C1A1A1C81EE9B00B41224 /* Release */,
			);
			defaultConfigurationIsVisible = 0;
		};
		6E1C1A1B1C81EE9B00B41224 /* Build configuration list for PBXNativeTarget "HYPWeiBoTests" */ = {
			isa = XCConfigurationList;
			buildConfigurations = (
				6E1C1A1C1C81EE9B00B41224 /* Debug */,
				6E1C1A1D1C81EE9B00B41224 /* Release */,
			);
			defaultConfigurationIsVisible = 0;
		};
		6E1C1A1E1C81EE9B00B41224 /* Build configuration list for PBXNativeTarget "HYPWeiBoUITests" */ = {
			isa = XCConfigurationList;
			buildConfigurations = (
				6E1C1A1F1C81EE9B00B41224 /* Debug */,
				6E1C1A201C81EE9B00B41224 /* Release */,
			);
			defaultConfigurationIsVisible = 0;
		};
/* End XCConfigurationList section */
	};
	rootObject = 6E1C19E31C81EE9A00B41224 /* Project object */;
}
